
Microsoft Visual Studio Solution File, Format Version 12.00
# Visual Studio Version 16
VisualStudioVersion = 16.0.29025.244
MinimumVisualStudioVersion = 10.0.40219.1
Project("{FAE04EC0-301F-11D3-BF4B-00C04F79EFBC}") = "PortfolioProject", "PortfolioProject\PortfolioProject.csproj", "{6A1CEDC1-FB68-4B42-86C6-1B2198D229E4}"
EndProject
Global
	GlobalSection(SolutionConfigurationPlatforms) = preSolution
		Debug|Any CPU = Debug|Any CPU
		Release|Any CPU = Release|Any CPU
	EndGlobalSection
	GlobalSection(ProjectConfigurationPlatforms) = postSolution
		{6A1CEDC1-FB68-4B42-86C6-1B2198D229E4}.Debug|Any CPU.ActiveCfg = Debug|Any CPU
		{6A1CEDC1-FB68-4B42-86C6-1B2198D229E4}.Debug|Any CPU.Build.0 = Debug|Any CPU
		{6A1CEDC1-FB68-4B42-86C6-1B2198D229E4}.Release|Any CPU.ActiveCfg = Release|Any CPU
		{6A1CEDC1-FB68-4B42-86C6-1B2198D229E4}.Release|Any CPU.Build.0 = Release|Any CPU
	EndGlobalSection
	GlobalSection(SolutionProperties) = preSolution
		HideSolutionNode = FALSE
	EndGlobalSection
	GlobalSection(ExtensibilityGlobals) = postSolution
		SolutionGuid = {A5011C70-CF2B-4F83-9D75-59E04CF52E53}
	EndGlobalSection
EndGlobal
